
Microsoft Visual Studio Solution File, Format Version 12.00
# Visual Studio 15
VisualStudioVersion = 15.0.28307.168
MinimumVisualStudioVersion = 10.0.40219.1
Project("{FAE04EC0-301F-11D3-BF4B-00C04F79EFBC}") = "K-Means", "K-Means\K-Means.csproj", "{CE70639D-CD68-4033-B314-FD9BD76B7CC1}"
EndProject
Global
	GlobalSection(SolutionConfigurationPlatforms) = preSolution
		Debug|Any CPU = Debug|Any CPU
		Release|Any CPU = Release|Any CPU
	EndGlobalSection
	GlobalSection(ProjectConfigurationPlatforms) = postSolution
		{CE70639D-CD68-4033-B314-FD9BD76B7CC1}.Debug|Any CPU.ActiveCfg = Debug|Any CPU
		{CE70639D-CD68-4033-B314-FD9BD76B7CC1}.Debug|Any CPU.Build.0 = Debug|Any CPU
		{CE70639D-CD68-4033-B314-FD9BD76B7CC1}.Release|Any CPU.ActiveCfg = Release|Any CPU
		{CE70639D-CD68-4033-B314-FD9BD76B7CC1}.Release|Any CPU.Build.0 = Release|Any CPU
	EndGlobalSection
	GlobalSection(SolutionProperties) = preSolution
		HideSolutionNode = FALSE
	EndGlobalSection
	GlobalSection(ExtensibilityGlobals) = postSolution
		SolutionGuid = {50DC3650-7330-4121-9D5E-0BDA520EF88C}
	EndGlobalSection
EndGlobal
